dependencies:
- name: mimir-distributed
  repository: https://grafana.github.io/helm-charts
  version: 4.0.0-weekly.207
- name: grafana
  repository: https://grafana.github.io/helm-charts
  version: 6.40.5
- name: redis
  repository: https://charts.bitnami.com/bitnami
  version: 17.3.7
digest: sha256:15e4c94fcf3f26993de10d36565b7ba35e05c3815de1e94fe731b7d8bfcd5a70
generated: "2022-10-28T16:53:06.748664+02:00"
